
Microsoft Visual Studio Solution File, Format Version 12.00
# Visual Studio Version 16
VisualStudioVersion = 16.0.31911.196
MinimumVisualStudioVersion = 10.0.40219.1
Project("{FAE04EC0-301F-11D3-BF4B-00C04F79EFBC}") = "KFC", "KFC.csproj", "{B11CB226-99BB-4630-BF7A-5AB46123DCE6}"
EndProject
Project("{FAE04EC0-301F-11D3-BF4B-00C04F79EFBC}") = "DTO_KFC", "DTO_KFC\DTO_KFC.csproj", "{F1D0DEB6-0004-4D7F-AB39-E889D2602161}"
EndProject
Project("{FAE04EC0-301F-11D3-BF4B-00C04F79EFBC}") = "DAL_KFC", "DAL_KFC\DAL_KFC.csproj", "{CF799A51-0012-4AE9-93AC-40C4102508E8}"
EndProject
Project("{FAE04EC0-301F-11D3-BF4B-00C04F79EFBC}") = "BUS_KFC", "BUS_KFC\BUS_KFC.csproj", "{EC4E5201-0706-4CA0-BE54-68213D0BC947}"
EndProject
Global
	GlobalSection(SolutionConfigurationPlatforms) = preSolution
		Debug|Any CPU = Debug|Any CPU
		Release|Any CPU = Release|Any CPU
	EndGlobalSection
	GlobalSection(ProjectConfigurationPlatforms) = postSolution
		{B11CB226-99BB-4630-BF7A-5AB46123DCE6}.Debug|Any CPU.ActiveCfg = Debug|Any CPU
		{B11CB226-99BB-4630-BF7A-5AB46123DCE6}.Debug|Any CPU.Build.0 = Debug|Any CPU
		{B11CB226-99BB-4630-BF7A-5AB46123DCE6}.Release|Any CPU.ActiveCfg = Release|Any CPU
		{B11CB226-99BB-4630-BF7A-5AB46123DCE6}.Release|Any CPU.Build.0 = Release|Any CPU
		{F1D0DEB6-0004-4D7F-AB39-E889D2602161}.Debug|Any CPU.ActiveCfg = Debug|Any CPU
		{F1D0DEB6-0004-4D7F-AB39-E889D2602161}.Debug|Any CPU.Build.0 = Debug|Any CPU
		{F1D0DEB6-0004-4D7F-AB39-E889D2602161}.Release|Any CPU.ActiveCfg = Release|Any CPU
		{F1D0DEB6-0004-4D7F-AB39-E889D2602161}.Release|Any CPU.Build.0 = Release|Any CPU
		{CF799A51-0012-4AE9-93AC-40C4102508E8}.Debug|Any CPU.ActiveCfg = Debug|Any CPU
		{CF799A51-0012-4AE9-93AC-40C4102508E8}.Debug|Any CPU.Build.0 = Debug|Any CPU
		{CF799A51-0012-4AE9-93AC-40C4102508E8}.Release|Any CPU.ActiveCfg = Release|Any CPU
		{CF799A51-0012-4AE9-93AC-40C4102508E8}.Release|Any CPU.Build.0 = Release|Any CPU
		{EC4E5201-0706-4CA0-BE54-68213D0BC947}.Debug|Any CPU.ActiveCfg = Debug|Any CPU
		{EC4E5201-0706-4CA0-BE54-68213D0BC947}.Debug|Any CPU.Build.0 = Debug|Any CPU
		{EC4E5201-0706-4CA0-BE54-68213D0BC947}.Release|Any CPU.ActiveCfg = Release|Any CPU
		{EC4E5201-0706-4CA0-BE54-68213D0BC947}.Release|Any CPU.Build.0 = Release|Any CPU
	EndGlobalSection
	GlobalSection(SolutionProperties) = preSolution
		HideSolutionNode = FALSE
	EndGlobalSection
	GlobalSection(ExtensibilityGlobals) = postSolution
		SolutionGuid = {7741DA9D-4B38-4C7E-BBA3-054C445DDBDB}
	EndGlobalSection
EndGlobal
